
Microsoft Visual Studio Solution File, Format Version 12.00
# Visual Studio Version 17
VisualStudioVersion = 17.0.31903.59
MinimumVisualStudioVersion = 10.0.40219.1
Project("{2150E333-8FDC-42A3-9474-1A3956D46DE8}") = "MC", "MC", "{FCF84258-49CC-4956-84D1-FB725ADAF56B}"
EndProject
Project("{8BC9CEB8-8B4A-11D0-8D11-00A0C91BC942}") = "Geometry", "MC\Geometry\Geometry.vcxproj", "{8B3C5D17-2B89-4C55-9754-BD143465D571}"
EndProject
Project("{8BC9CEB8-8B4A-11D0-8D11-00A0C91BC942}") = "MC", "MC\MC\MC.vcxproj", "{0800044D-F62C-45A5-9F5C-A1BD1CCBAD7E}"
EndProject
Project("{8BC9CEB8-8B4A-11D0-8D11-00A0C91BC942}") = "MC.Tests", "MC\MC.Tests\MC.Tests.vcxproj", "{FB149A49-AC54-46A1-8500-4376BEAC6869}"
EndProject
Project("{2150E333-8FDC-42A3-9474-1A3956D46DE8}") = "Applications", "Applications", "{DB18164A-B89D-40CB-B800-BBA716B94C7D}"
EndProject
Project("{8BC9CEB8-8B4A-11D0-8D11-00A0C91BC942}") = "MCSimulator", "Applications\MCSimulator\MCSimulator.vcxproj", "{A9B76BC6-1D81-4D17-815C-5D01CBE4EC93}"
EndProject
Project("{2150E333-8FDC-42A3-9474-1A3956D46DE8}") = "Data", "Data", "{D377A3E0-4D7E-47DD-996C-5A6F928D821B}"
	ProjectSection(SolutionItems) = preProject
		Data\AcceleratorSimulator.pegs4dat = Data\AcceleratorSimulator.pegs4dat
		Data\gmora.pegs4dat = Data\gmora.pegs4dat
		Data\neutron.dat = Data\neutron.dat
		Data\proton.dat = Data\proton.dat
		Data\vrmlview.zip = Data\vrmlview.zip
	EndProjectSection
EndProject
Project("{2150E333-8FDC-42A3-9474-1A3956D46DE8}") = "XML", "XML", "{59B0D4E3-65AC-425B-B244-497336D60143}"
EndProject
Project("{2150E333-8FDC-42A3-9474-1A3956D46DE8}") = "Parameters", "Parameters", "{24015754-EBEF-4C17-8258-5D1AE514713F}"
	ProjectSection(SolutionItems) = preProject
		Data\Parameters\Ross_sim.xml = Data\Parameters\Ross_sim.xml
		Data\Parameters\RTS_ImageSimulator_Cu_MTF.xml = Data\Parameters\RTS_ImageSimulator_Cu_MTF.xml
		Data\Parameters\S_Brem_6X.xml = Data\Parameters\S_Brem_6X.xml
		Data\Parameters\S_C60_sphere.xml = Data\Parameters\S_C60_sphere.xml
		Data\Parameters\S_CK_6X.xml = Data\Parameters\S_CK_6X.xml
		Data\Parameters\S_Faddegon.xml = Data\Parameters\S_Faddegon.xml
		Data\Parameters\S_ITEPBeamLine.xml = Data\Parameters\S_ITEPBeamLine.xml
		Data\Parameters\S_Neutron_Test.xml = Data\Parameters\S_Neutron_Test.xml
		Data\Parameters\S_Ross.xml = Data\Parameters\S_Ross.xml
		Data\Parameters\S_Target.xml = Data\Parameters\S_Target.xml
		Data\Parameters\S_TBI_Cylinder.xml = Data\Parameters\S_TBI_Cylinder.xml
		Data\Parameters\S_TG43.xml = Data\Parameters\S_TG43.xml
	EndProjectSection
EndProject
Project("{2150E333-8FDC-42A3-9474-1A3956D46DE8}") = "Geometries", "Geometries", "{EFF1B1ED-9964-41E1-BE5D-3A2A7622D96F}"
	ProjectSection(SolutionItems) = preProject
		Data\Geometries\G_Brem_6X.xml = Data\Geometries\G_Brem_6X.xml
		Data\Geometries\G_C60_sphere.xml = Data\Geometries\G_C60_sphere.xml
		Data\Geometries\G_CyberKnife.xml = Data\Geometries\G_CyberKnife.xml
		Data\Geometries\G_Faddegon.xml = Data\Geometries\G_Faddegon.xml
		Data\Geometries\G_ITEPBeamLine.xml = Data\Geometries\G_ITEPBeamLine.xml
		Data\Geometries\G_Neutron_Test.xml = Data\Geometries\G_Neutron_Test.xml
		Data\Geometries\G_Ross.xml = Data\Geometries\G_Ross.xml
		Data\Geometries\G_Target.xml = Data\Geometries\G_Target.xml
		Data\Geometries\G_TBI_Cylinder.xml = Data\Geometries\G_TBI_Cylinder.xml
		Data\Geometries\G_TG43.xml = Data\Geometries\G_TG43.xml
		Data\Geometries\Ross_geom.xml = Data\Geometries\Ross_geom.xml
		Data\Geometries\RTS_ImageGeometry_Cu_MTF.xml = Data\Geometries\RTS_ImageGeometry_Cu_MTF.xml
	EndProjectSection
EndProject
Project("{2150E333-8FDC-42A3-9474-1A3956D46DE8}") = "Lib", "Lib", "{3DE2745D-82FD-4FE2-B767-8EB9A3F29A09}"
EndProject
Project("{8BC9CEB8-8B4A-11D0-8D11-00A0C91BC942}") = "RO.Dicom", "Lib\RO.Dicom\RO.Dicom.vcxproj", "{512A924C-E2FE-4217-8B82-999B00C0F146}"
EndProject
Project("{2150E333-8FDC-42A3-9474-1A3956D46DE8}") = "ICRU63", "ICRU63", "{E77CFD03-B3B5-4B4C-8074-33397277E9E2}"
	ProjectSection(SolutionItems) = preProject
		Data\ICRU63\NAL27.DAT = Data\ICRU63\NAL27.DAT
		Data\ICRU63\NC12.DAT = Data\ICRU63\NC12.DAT
		Data\ICRU63\NCA40.DAT = Data\ICRU63\NCA40.DAT
		Data\ICRU63\NCU63.DAT = Data\ICRU63\NCU63.DAT
		Data\ICRU63\NFE56.DAT = Data\ICRU63\NFE56.DAT
		Data\ICRU63\NH1.DAT = Data\ICRU63\NH1.DAT
		Data\ICRU63\NN14.DAT = Data\ICRU63\NN14.DAT
		Data\ICRU63\NO16.DAT = Data\ICRU63\NO16.DAT
		Data\ICRU63\NP31.DAT = Data\ICRU63\NP31.DAT
		Data\ICRU63\NPB208.DAT = Data\ICRU63\NPB208.DAT
		Data\ICRU63\NSI28.DAT = Data\ICRU63\NSI28.DAT
		Data\ICRU63\NW184.DAT = Data\ICRU63\NW184.DAT
		Data\ICRU63\PAL27.DAT = Data\ICRU63\PAL27.DAT
		Data\ICRU63\PC12.DAT = Data\ICRU63\PC12.DAT
		Data\ICRU63\PCA40.DAT = Data\ICRU63\PCA40.DAT
		Data\ICRU63\PCU63.DAT = Data\ICRU63\PCU63.DAT
		Data\ICRU63\PFE56.DAT = Data\ICRU63\PFE56.DAT
		Data\ICRU63\PN14.DAT = Data\ICRU63\PN14.DAT
		Data\ICRU63\PO16.DAT = Data\ICRU63\PO16.DAT
		Data\ICRU63\PP31.DAT = Data\ICRU63\PP31.DAT
		Data\ICRU63\PPB208.DAT = Data\ICRU63\PPB208.DAT
		Data\ICRU63\PSI28.DAT = Data\ICRU63\PSI28.DAT
		Data\ICRU63\PW184.DAT = Data\ICRU63\PW184.DAT
	EndProjectSection
EndProject
Project("{2150E333-8FDC-42A3-9474-1A3956D46DE8}") = "PSTAR", "PSTAR", "{A5E7D2E9-98F8-4C6F-B1C2-73C493BBC525}"
	ProjectSection(SolutionItems) = preProject
		Data\PSTAR\AL27.DAT = Data\PSTAR\AL27.DAT
		Data\PSTAR\C12.DAT = Data\PSTAR\C12.DAT
		Data\PSTAR\CA40.DAT = Data\PSTAR\CA40.DAT
		Data\PSTAR\CU63.DAT = Data\PSTAR\CU63.DAT
		Data\PSTAR\FE56.DAT = Data\PSTAR\FE56.DAT
		Data\PSTAR\H1.DAT = Data\PSTAR\H1.DAT
		Data\PSTAR\N14.DAT = Data\PSTAR\N14.DAT
		Data\PSTAR\O16.DAT = Data\PSTAR\O16.DAT
		Data\PSTAR\P31.DAT = Data\PSTAR\P31.DAT
		Data\PSTAR\PB208.DAT = Data\PSTAR\PB208.DAT
		Data\PSTAR\SI28.DAT = Data\PSTAR\SI28.DAT
		Data\PSTAR\W184.DAT = Data\PSTAR\W184.DAT
	EndProjectSection
EndProject
Project("{2150E333-8FDC-42A3-9474-1A3956D46DE8}") = "ENDFP", "ENDFP", "{A0BAFB72-A140-4147-8AE5-1D816646DED3}"
	ProjectSection(SolutionItems) = preProject
		Data\ENDFP\p-H001.tendl = Data\ENDFP\p-H001.tendl
		Data\ENDFP\p-O016.tendl = Data\ENDFP\p-O016.tendl
	EndProjectSection
EndProject
Project("{2150E333-8FDC-42A3-9474-1A3956D46DE8}") = "ENDFN", "ENDFN", "{7A770AEE-3DB1-4C52-B7DF-A8B9D7B9FB17}"
	ProjectSection(SolutionItems) = preProject
		Data\ENDFN\n-H001.tendl = Data\ENDFN\n-H001.tendl
		Data\ENDFN\n-O016.tendl = Data\ENDFN\n-O016.tendl
	EndProjectSection
EndProject
Project("{8BC9CEB8-8B4A-11D0-8D11-00A0C91BC942}") = "MCTools", "Applications\MCTools\MCTools.vcxproj", "{1514D7E8-6B88-4115-98E5-9EF14E89537F}"
EndProject
Global
	GlobalSection(SolutionConfigurationPlatforms) = preSolution
		Debug|x64 = Debug|x64
		Debug|x86 = Debug|x86
		Release|x64 = Release|x64
		Release|x86 = Release|x86
	EndGlobalSection
	GlobalSection(ProjectConfigurationPlatforms) = postSolution
		{8B3C5D17-2B89-4C55-9754-BD143465D571}.Debug|x64.ActiveCfg = Debug|x64
		{8B3C5D17-2B89-4C55-9754-BD143465D571}.Debug|x64.Build.0 = Debug|x64
		{8B3C5D17-2B89-4C55-9754-BD143465D571}.Debug|x86.ActiveCfg = Debug|Win32
		{8B3C5D17-2B89-4C55-9754-BD143465D571}.Debug|x86.Build.0 = Debug|Win32
		{8B3C5D17-2B89-4C55-9754-BD143465D571}.Release|x64.ActiveCfg = Release|x64
		{8B3C5D17-2B89-4C55-9754-BD143465D571}.Release|x64.Build.0 = Release|x64
		{8B3C5D17-2B89-4C55-9754-BD143465D571}.Release|x86.ActiveCfg = Release|Win32
		{8B3C5D17-2B89-4C55-9754-BD143465D571}.Release|x86.Build.0 = Release|Win32
		{0800044D-F62C-45A5-9F5C-A1BD1CCBAD7E}.Debug|x64.ActiveCfg = Debug|x64
		{0800044D-F62C-45A5-9F5C-A1BD1CCBAD7E}.Debug|x64.Build.0 = Debug|x64
		{0800044D-F62C-45A5-9F5C-A1BD1CCBAD7E}.Debug|x86.ActiveCfg = Debug|Win32
		{0800044D-F62C-45A5-9F5C-A1BD1CCBAD7E}.Debug|x86.Build.0 = Debug|Win32
		{0800044D-F62C-45A5-9F5C-A1BD1CCBAD7E}.Release|x64.ActiveCfg = Release|x64
		{0800044D-F62C-45A5-9F5C-A1BD1CCBAD7E}.Release|x64.Build.0 = Release|x64
		{0800044D-F62C-45A5-9F5C-A1BD1CCBAD7E}.Release|x86.ActiveCfg = Release|Win32
		{0800044D-F62C-45A5-9F5C-A1BD1CCBAD7E}.Release|x86.Build.0 = Release|Win32
		{FB149A49-AC54-46A1-8500-4376BEAC6869}.Debug|x64.ActiveCfg = Debug|x64
		{FB149A49-AC54-46A1-8500-4376BEAC6869}.Debug|x64.Build.0 = Debug|x64
		{FB149A49-AC54-46A1-8500-4376BEAC6869}.Debug|x86.ActiveCfg = Debug|Win32
		{FB149A49-AC54-46A1-8500-4376BEAC6869}.Debug|x86.Build.0 = Debug|Win32
		{FB149A49-AC54-46A1-8500-4376BEAC6869}.Release|x64.ActiveCfg = Release|x64
		{FB149A49-AC54-46A1-8500-4376BEAC6869}.Release|x64.Build.0 = Release|x64
		{FB149A49-AC54-46A1-8500-4376BEAC6869}.Release|x86.ActiveCfg = Release|Win32
		{FB149A49-AC54-46A1-8500-4376BEAC6869}.Release|x86.Build.0 = Release|Win32
		{A9B76BC6-1D81-4D17-815C-5D01CBE4EC93}.Debug|x64.ActiveCfg = Debug|x64
		{A9B76BC6-1D81-4D17-815C-5D01CBE4EC93}.Debug|x64.Build.0 = Debug|x64
		{A9B76BC6-1D81-4D17-815C-5D01CBE4EC93}.Debug|x86.ActiveCfg = Debug|Win32
		{A9B76BC6-1D81-4D17-815C-5D01CBE4EC93}.Debug|x86.Build.0 = Debug|Win32
		{A9B76BC6-1D81-4D17-815C-5D01CBE4EC93}.Release|x64.ActiveCfg = Release|x64
		{A9B76BC6-1D81-4D17-815C-5D01CBE4EC93}.Release|x64.Build.0 = Release|x64
		{A9B76BC6-1D81-4D17-815C-5D01CBE4EC93}.Release|x86.ActiveCfg = Release|Win32
		{A9B76BC6-1D81-4D17-815C-5D01CBE4EC93}.Release|x86.Build.0 = Release|Win32
		{512A924C-E2FE-4217-8B82-999B00C0F146}.Debug|x64.ActiveCfg = Debug|x64
		{512A924C-E2FE-4217-8B82-999B00C0F146}.Debug|x64.Build.0 = Debug|x64
		{512A924C-E2FE-4217-8B82-999B00C0F146}.Debug|x86.ActiveCfg = Debug|Win32
		{512A924C-E2FE-4217-8B82-999B00C0F146}.Debug|x86.Build.0 = Debug|Win32
		{512A924C-E2FE-4217-8B82-999B00C0F146}.Release|x64.ActiveCfg = Release|x64
		{512A924C-E2FE-4217-8B82-999B00C0F146}.Release|x64.Build.0 = Release|x64
		{512A924C-E2FE-4217-8B82-999B00C0F146}.Release|x86.ActiveCfg = Release|Win32
		{512A924C-E2FE-4217-8B82-999B00C0F146}.Release|x86.Build.0 = Release|Win32
		{1514D7E8-6B88-4115-98E5-9EF14E89537F}.Debug|x64.ActiveCfg = Debug|x64
		{1514D7E8-6B88-4115-98E5-9EF14E89537F}.Debug|x64.Build.0 = Debug|x64
		{1514D7E8-6B88-4115-98E5-9EF14E89537F}.Debug|x86.ActiveCfg = Debug|Win32
		{1514D7E8-6B88-4115-98E5-9EF14E89537F}.Debug|x86.Build.0 = Debug|Win32
		{1514D7E8-6B88-4115-98E5-9EF14E89537F}.Release|x64.ActiveCfg = Release|x64
		{1514D7E8-6B88-4115-98E5-9EF14E89537F}.Release|x64.Build.0 = Release|x64
		{1514D7E8-6B88-4115-98E5-9EF14E89537F}.Release|x86.ActiveCfg = Release|Win32
		{1514D7E8-6B88-4115-98E5-9EF14E89537F}.Release|x86.Build.0 = Release|Win32
	EndGlobalSection
	GlobalSection(SolutionProperties) = preSolution
		HideSolutionNode = FALSE
	EndGlobalSection
	GlobalSection(NestedProjects) = preSolution
		{8B3C5D17-2B89-4C55-9754-BD143465D571} = {FCF84258-49CC-4956-84D1-FB725ADAF56B}
		{0800044D-F62C-45A5-9F5C-A1BD1CCBAD7E} = {FCF84258-49CC-4956-84D1-FB725ADAF56B}
		{FB149A49-AC54-46A1-8500-4376BEAC6869} = {FCF84258-49CC-4956-84D1-FB725ADAF56B}
		{A9B76BC6-1D81-4D17-815C-5D01CBE4EC93} = {DB18164A-B89D-40CB-B800-BBA716B94C7D}
		{59B0D4E3-65AC-425B-B244-497336D60143} = {D377A3E0-4D7E-47DD-996C-5A6F928D821B}
		{24015754-EBEF-4C17-8258-5D1AE514713F} = {59B0D4E3-65AC-425B-B244-497336D60143}
		{EFF1B1ED-9964-41E1-BE5D-3A2A7622D96F} = {59B0D4E3-65AC-425B-B244-497336D60143}
		{512A924C-E2FE-4217-8B82-999B00C0F146} = {3DE2745D-82FD-4FE2-B767-8EB9A3F29A09}
		{E77CFD03-B3B5-4B4C-8074-33397277E9E2} = {D377A3E0-4D7E-47DD-996C-5A6F928D821B}
		{A5E7D2E9-98F8-4C6F-B1C2-73C493BBC525} = {D377A3E0-4D7E-47DD-996C-5A6F928D821B}
		{A0BAFB72-A140-4147-8AE5-1D816646DED3} = {D377A3E0-4D7E-47DD-996C-5A6F928D821B}
		{7A770AEE-3DB1-4C52-B7DF-A8B9D7B9FB17} = {D377A3E0-4D7E-47DD-996C-5A6F928D821B}
		{1514D7E8-6B88-4115-98E5-9EF14E89537F} = {DB18164A-B89D-40CB-B800-BBA716B94C7D}
	EndGlobalSection
	GlobalSection(ExtensibilityGlobals) = postSolution
		SolutionGuid = {343D58A1-79D5-4195-8895-53896E08DE68}
	EndGlobalSection
EndGlobal
