<?xml version="1.0" encoding="utf-8"?>
<Project ToolsVersion="4.0" xmlns="http://schemas.microsoft.com/developer/msbuild/2003">
  <ItemGroup>
    <ClCompile Include="mcObj.cpp" />
    <ClCompile Include="mcParticle.cpp" />
    <ClCompile Include="mcParticleStack.cpp" />
    <ClCompile Include="mcRng.cpp" />
    <ClCompile Include="mcThread.cpp" />
    <ClCompile Include="mcVRMLDumper.cpp" />
    <ClCompile Include="ProfileProcessor.cpp" />
    <ClCompile Include="mcCSNuclear.cpp">
      <Filter>Media</Filter>
    </ClCompile>
    <ClCompile Include="mcEndfP.cpp">
      <Filter>Media</Filter>
    </ClCompile>
    <ClCompile Include="mcMedia.cpp">
      <Filter>Media</Filter>
    </ClCompile>
    <ClCompile Include="mcMedium.cpp">
      <Filter>Media</Filter>
    </ClCompile>
    <ClCompile Include="mcMediumNeutron.cpp">
      <Filter>Media</Filter>
    </ClCompile>
    <ClCompile Include="mcMediumProton.cpp">
      <Filter>Media</Filter>
    </ClCompile>
    <ClCompile Include="mcMediumXE.cpp">
      <Filter>Media</Filter>
    </ClCompile>
    <ClCompile Include="mcRegionReference.cpp">
      <Filter>Media</Filter>
    </ClCompile>
    <ClCompile Include="mcGeometry.cpp">
      <Filter>Geometry</Filter>
    </ClCompile>
    <ClCompile Include="mcGeomRectSide.cpp">
      <Filter>Geometry</Filter>
    </ClCompile>
    <ClCompile Include="mcGeomShape.cpp">
      <Filter>Geometry</Filter>
    </ClCompile>
    <ClCompile Include="mcGeomTriangleSide.cpp">
      <Filter>Geometry</Filter>
    </ClCompile>
    <ClCompile Include="mcGeomWedgeTriangle.cpp">
      <Filter>Geometry</Filter>
    </ClCompile>
    <ClCompile Include="mcHistogram.cpp">
      <Filter>Math</Filter>
    </ClCompile>
    <ClCompile Include="mcHistogramSampler.cpp">
      <Filter>Math</Filter>
    </ClCompile>
    <ClCompile Include="mcSamplers.cpp">
      <Filter>Math</Filter>
    </ClCompile>
    <ClCompile Include="mcPTGrid3D.cpp">
      <Filter>PhantomTransport</Filter>
    </ClCompile>
    <ClCompile Include="mcPTLasVegas.cpp">
      <Filter>PhantomTransport</Filter>
    </ClCompile>
    <ClCompile Include="mcPTQc3.cpp">
      <Filter>PhantomTransport</Filter>
    </ClCompile>
    <ClCompile Include="mcPhysics.cpp">
      <Filter>Physics</Filter>
    </ClCompile>
    <ClCompile Include="mcPhysicsCharged.cpp">
      <Filter>Physics</Filter>
    </ClCompile>
    <ClCompile Include="mcPhysicsCommon.cpp">
      <Filter>Physics</Filter>
    </ClCompile>
    <ClCompile Include="mcPhysicsElectron.cpp">
      <Filter>Physics</Filter>
    </ClCompile>
    <ClCompile Include="mcPhysicsNeutron.cpp">
      <Filter>Physics</Filter>
    </ClCompile>
    <ClCompile Include="mcPhysicsPhoton.cpp">
      <Filter>Physics</Filter>
    </ClCompile>
    <ClCompile Include="mcPhysicsPositron.cpp">
      <Filter>Physics</Filter>
    </ClCompile>
    <ClCompile Include="mcPhysicsProton.cpp">
      <Filter>Physics</Filter>
    </ClCompile>
    <ClCompile Include="mcPhaseSpaceIO.cpp">
      <Filter>Score</Filter>
    </ClCompile>
    <ClCompile Include="mcScore.cpp">
      <Filter>Score</Filter>
    </ClCompile>
    <ClCompile Include="mcScoreAcceleratedBeam.cpp">
      <Filter>Score</Filter>
    </ClCompile>
    <ClCompile Include="mcScoreBeamFluence.cpp">
      <Filter>Score</Filter>
    </ClCompile>
    <ClCompile Include="mcScoreBeamFluence2.cpp">
      <Filter>Score</Filter>
    </ClCompile>
    <ClCompile Include="mcScoreBeamFluenceSubsource.cpp">
      <Filter>Score</Filter>
    </ClCompile>
    <ClCompile Include="mcScoreBeamFluenceXY.cpp">
      <Filter>Score</Filter>
    </ClCompile>
    <ClCompile Include="mcScoreBrachy.cpp">
      <Filter>Score</Filter>
    </ClCompile>
    <ClCompile Include="mcScoreConicalRZ.cpp">
      <Filter>Score</Filter>
    </ClCompile>
    <ClCompile Include="mcScoreEnergyFluence.cpp">
      <Filter>Score</Filter>
    </ClCompile>
    <ClCompile Include="mcScoreEnergySpectrum.cpp">
      <Filter>Score</Filter>
    </ClCompile>
    <ClCompile Include="mcScoreMatrix2D.cpp">
      <Filter>Score</Filter>
    </ClCompile>
    <ClCompile Include="mcScoreMatrixCylinderAzimut.cpp">
      <Filter>Score</Filter>
    </ClCompile>
    <ClCompile Include="mcScoreMatrixRZ.cpp">
      <Filter>Score</Filter>
    </ClCompile>
    <ClCompile Include="mcScoreMatrixXY.cpp">
      <Filter>Score</Filter>
    </ClCompile>
    <ClCompile Include="mcScoreParticleContainer.cpp">
      <Filter>Score</Filter>
    </ClCompile>
    <ClCompile Include="mcScorePhaseSpaceConcentrator.cpp">
      <Filter>Score</Filter>
    </ClCompile>
    <ClCompile Include="mcScorePhaseSpaceDirect.cpp">
      <Filter>Score</Filter>
    </ClCompile>
    <ClCompile Include="mcScorePHSP.cpp">
      <Filter>Score</Filter>
    </ClCompile>
    <ClCompile Include="mcScoreSpectraFluence.cpp">
      <Filter>Score</Filter>
    </ClCompile>
    <ClCompile Include="mcScoreSpectraFluenceSphere.cpp">
      <Filter>Score</Filter>
    </ClCompile>
    <ClCompile Include="mcScoreSphereFluence.cpp">
      <Filter>Score</Filter>
    </ClCompile>
    <ClCompile Include="mcScoreSphereMatrix.cpp">
      <Filter>Score</Filter>
    </ClCompile>
    <ClCompile Include="mcScoreTest.cpp">
      <Filter>Score</Filter>
    </ClCompile>
    <ClCompile Include="mcScoreTrack.cpp">
      <Filter>Score</Filter>
    </ClCompile>
    <ClCompile Include="mcSource.cpp">
      <Filter>Source</Filter>
    </ClCompile>
    <ClCompile Include="mcSourceAcceleratedBeam.cpp">
      <Filter>Source</Filter>
    </ClCompile>
    <ClCompile Include="mcSourceAccelerator.cpp">
      <Filter>Source</Filter>
    </ClCompile>
    <ClCompile Include="mcSourceCylindricalC60.cpp">
      <Filter>Source</Filter>
    </ClCompile>
    <ClCompile Include="mcSourceDistributed.cpp">
      <Filter>Source</Filter>
    </ClCompile>
    <ClCompile Include="mcSourceLEBA.cpp">
      <Filter>Source</Filter>
    </ClCompile>
    <ClCompile Include="mcSourceModelRadialDirect.cpp">
      <Filter>Source</Filter>
    </ClCompile>
    <ClCompile Include="mcSourceModelRadialPhsp.cpp">
      <Filter>Source</Filter>
    </ClCompile>
    <ClCompile Include="mcSourceSimpleMono.cpp">
      <Filter>Source</Filter>
    </ClCompile>
    <ClCompile Include="mcSourceSimpleParallel.cpp">
      <Filter>Source</Filter>
    </ClCompile>
    <ClCompile Include="mcSourceSphereC60.cpp">
      <Filter>Source</Filter>
    </ClCompile>
    <ClCompile Include="mcSourceUniformCone.cpp">
      <Filter>Source</Filter>
    </ClCompile>
    <ClCompile Include="mcSourceXrayBeam.cpp">
      <Filter>Source</Filter>
    </ClCompile>
    <ClCompile Include="mcSourceXraySigmaR.cpp">
      <Filter>Source</Filter>
    </ClCompile>
    <ClCompile Include="mcClinicalElectronBeam.cpp">
      <Filter>Source</Filter>
    </ClCompile>
    <ClCompile Include="mcETransportConvexPolygonCircle.cpp">
      <Filter>Transport</Filter>
    </ClCompile>
    <ClCompile Include="mcETransportSphere.cpp">
      <Filter>Transport</Filter>
    </ClCompile>
    <ClCompile Include="mcETransportTrap.cpp">
      <Filter>Transport</Filter>
    </ClCompile>
    <ClCompile Include="mcTransport.cpp">
      <Filter>Transport</Filter>
    </ClCompile>
    <ClCompile Include="mcTransportAxialSymmetricSplitter.cpp">
      <Filter>Transport</Filter>
    </ClCompile>
    <ClCompile Include="mcTransportCone.cpp">
      <Filter>Transport</Filter>
    </ClCompile>
    <ClCompile Include="mcTransportConicalHole.cpp">
      <Filter>Transport</Filter>
    </ClCompile>
    <ClCompile Include="mcTransportConicalRing.cpp">
      <Filter>Transport</Filter>
    </ClCompile>
    <ClCompile Include="mcTransportCylinder.cpp">
      <Filter>Transport</Filter>
    </ClCompile>
    <ClCompile Include="mcTransportCylinderStack.cpp">
      <Filter>Transport</Filter>
    </ClCompile>
    <ClCompile Include="mcTransportEmbeddedGroup.cpp">
      <Filter>Transport</Filter>
    </ClCompile>
    <ClCompile Include="mcTransportJawPairFocused.cpp">
      <Filter>Transport</Filter>
    </ClCompile>
    <ClCompile Include="mcTransportJawPairRounded.cpp">
      <Filter>Transport</Filter>
    </ClCompile>
    <ClCompile Include="mcTransportLinearChain.cpp">
      <Filter>Transport</Filter>
    </ClCompile>
    <ClCompile Include="mcTransportMLC.cpp">
      <Filter>Transport</Filter>
    </ClCompile>
    <ClCompile Include="mcTransportPlaneFilter.cpp">
      <Filter>Transport</Filter>
    </ClCompile>
    <ClCompile Include="mcTransportPolygon.cpp">
      <Filter>Transport</Filter>
    </ClCompile>
    <ClCompile Include="mcTransportPrimaryCollimator.cpp">
      <Filter>Transport</Filter>
    </ClCompile>
    <ClCompile Include="mcTransportPrism.cpp">
      <Filter>Transport</Filter>
    </ClCompile>
    <ClCompile Include="mcTransportRectanglePolygonSideHole.cpp">
      <Filter>Transport</Filter>
    </ClCompile>
    <ClCompile Include="mcTransportRectangleRing.cpp">
      <Filter>Transport</Filter>
    </ClCompile>
    <ClCompile Include="mcTransportRectangleTrap.cpp">
      <Filter>Transport</Filter>
    </ClCompile>
    <ClCompile Include="mcTransportRing.cpp">
      <Filter>Transport</Filter>
    </ClCompile>
    <ClCompile Include="mcTransportSimpleSplitter.cpp">
      <Filter>Transport</Filter>
    </ClCompile>
    <ClCompile Include="mcTransportSlab.cpp">
      <Filter>Transport</Filter>
    </ClCompile>
    <ClCompile Include="mcTransportSphereTrap.cpp">
      <Filter>Transport</Filter>
    </ClCompile>
    <ClCompile Include="mcTransportWedge.cpp">
      <Filter>Transport</Filter>
    </ClCompile>
    <ClCompile Include="mcBrachySource.cpp">
      <Filter>Source</Filter>
    </ClCompile>
  </ItemGroup>
  <ItemGroup>
    <ClInclude Include="mcDefs.h" />
    <ClInclude Include="mcObj.h" />
    <ClInclude Include="mcParticle.h" />
    <ClInclude Include="mcParticleStack.h" />
    <ClInclude Include="mcRng.h" />
    <ClInclude Include="mcSpline.h" />
    <ClInclude Include="mcThread.h" />
    <ClInclude Include="mcVRMLDumper.h" />
    <ClInclude Include="ProfileProcessor.h" />
    <ClInclude Include="mcCSNuclear.h">
      <Filter>Media</Filter>
    </ClInclude>
    <ClInclude Include="mcElement.h">
      <Filter>Media</Filter>
    </ClInclude>
    <ClInclude Include="mcEndfP.h">
      <Filter>Media</Filter>
    </ClInclude>
    <ClInclude Include="mcMedia.h">
      <Filter>Media</Filter>
    </ClInclude>
    <ClInclude Include="mcMedium.h">
      <Filter>Media</Filter>
    </ClInclude>
    <ClInclude Include="mcMediumNeutron.h">
      <Filter>Media</Filter>
    </ClInclude>
    <ClInclude Include="mcMediumProton.h">
      <Filter>Media</Filter>
    </ClInclude>
    <ClInclude Include="mcMediumXE.h">
      <Filter>Media</Filter>
    </ClInclude>
    <ClInclude Include="mcRegionReference.h">
      <Filter>Media</Filter>
    </ClInclude>
    <ClInclude Include="mcGeometry.h">
      <Filter>Geometry</Filter>
    </ClInclude>
    <ClInclude Include="mcGeomRectSide.h">
      <Filter>Geometry</Filter>
    </ClInclude>
    <ClInclude Include="mcGeomShape.h">
      <Filter>Geometry</Filter>
    </ClInclude>
    <ClInclude Include="mcGeomSide.h">
      <Filter>Geometry</Filter>
    </ClInclude>
    <ClInclude Include="mcGeomTriangleSide.h">
      <Filter>Geometry</Filter>
    </ClInclude>
    <ClInclude Include="mcGeomWedgeTriangle.h">
      <Filter>Geometry</Filter>
    </ClInclude>
    <ClInclude Include="mcHistogram.h">
      <Filter>Math</Filter>
    </ClInclude>
    <ClInclude Include="mcHistogramSampler.h">
      <Filter>Math</Filter>
    </ClInclude>
    <ClInclude Include="mcSamplers.h">
      <Filter>Math</Filter>
    </ClInclude>
    <ClInclude Include="mcPTGrid3D.h">
      <Filter>PhantomTransport</Filter>
    </ClInclude>
    <ClInclude Include="mcPTLasVegas.h">
      <Filter>PhantomTransport</Filter>
    </ClInclude>
    <ClInclude Include="mcPTQc3.h">
      <Filter>PhantomTransport</Filter>
    </ClInclude>
    <ClInclude Include="mcPhysics.h">
      <Filter>Physics</Filter>
    </ClInclude>
    <ClInclude Include="mcPhysicsCharged.h">
      <Filter>Physics</Filter>
    </ClInclude>
    <ClInclude Include="mcPhysicsCommon.h">
      <Filter>Physics</Filter>
    </ClInclude>
    <ClInclude Include="mcPhysicsElectron.h">
      <Filter>Physics</Filter>
    </ClInclude>
    <ClInclude Include="mcPhysicsNeutron.h">
      <Filter>Physics</Filter>
    </ClInclude>
    <ClInclude Include="mcPhysicsPhoton.h">
      <Filter>Physics</Filter>
    </ClInclude>
    <ClInclude Include="mcPhysicsPositron.h">
      <Filter>Physics</Filter>
    </ClInclude>
    <ClInclude Include="mcPhysicsProton.h">
      <Filter>Physics</Filter>
    </ClInclude>
    <ClInclude Include="mcPhaseSpaceIO.h">
      <Filter>Score</Filter>
    </ClInclude>
    <ClInclude Include="mcScore.h">
      <Filter>Score</Filter>
    </ClInclude>
    <ClInclude Include="mcScoreAcceleratedBeam.h">
      <Filter>Score</Filter>
    </ClInclude>
    <ClInclude Include="mcScoreBeamFluence.h">
      <Filter>Score</Filter>
    </ClInclude>
    <ClInclude Include="mcScoreBeamFluence2.h">
      <Filter>Score</Filter>
    </ClInclude>
    <ClInclude Include="mcScoreBeamFluenceSubsource.h">
      <Filter>Score</Filter>
    </ClInclude>
    <ClInclude Include="mcScoreBeamFluenceXY.h">
      <Filter>Score</Filter>
    </ClInclude>
    <ClInclude Include="mcScoreBrachy.h">
      <Filter>Score</Filter>
    </ClInclude>
    <ClInclude Include="mcScoreConicalRZ.h">
      <Filter>Score</Filter>
    </ClInclude>
    <ClInclude Include="mcScoreEnergyFluence.h">
      <Filter>Score</Filter>
    </ClInclude>
    <ClInclude Include="mcScoreEnergySpectrum.h">
      <Filter>Score</Filter>
    </ClInclude>
    <ClInclude Include="mcScoreMatrix2D.h">
      <Filter>Score</Filter>
    </ClInclude>
    <ClInclude Include="mcScoreMatrixCylinderAzimut.h">
      <Filter>Score</Filter>
    </ClInclude>
    <ClInclude Include="mcScoreMatrixRZ.h">
      <Filter>Score</Filter>
    </ClInclude>
    <ClInclude Include="mcScoreMatrixXY.h">
      <Filter>Score</Filter>
    </ClInclude>
    <ClInclude Include="mcScoreParticleContainer.h">
      <Filter>Score</Filter>
    </ClInclude>
    <ClInclude Include="mcScorePhaseSpaceConcentrator.h">
      <Filter>Score</Filter>
    </ClInclude>
    <ClInclude Include="mcScorePhaseSpaceDirect.h">
      <Filter>Score</Filter>
    </ClInclude>
    <ClInclude Include="mcScorePHSP.h">
      <Filter>Score</Filter>
    </ClInclude>
    <ClInclude Include="mcScoreSpectraFluence.h">
      <Filter>Score</Filter>
    </ClInclude>
    <ClInclude Include="mcScoreSpectraFluenceSphere.h">
      <Filter>Score</Filter>
    </ClInclude>
    <ClInclude Include="mcScoreSphereFluence.h">
      <Filter>Score</Filter>
    </ClInclude>
    <ClInclude Include="mcScoreSphereMatrix.h">
      <Filter>Score</Filter>
    </ClInclude>
    <ClInclude Include="mcScoreTest.h">
      <Filter>Score</Filter>
    </ClInclude>
    <ClInclude Include="mcScoreTrack.h">
      <Filter>Score</Filter>
    </ClInclude>
    <ClInclude Include="mcSource.h">
      <Filter>Source</Filter>
    </ClInclude>
    <ClInclude Include="mcSourceAcceleratedBeam.h">
      <Filter>Source</Filter>
    </ClInclude>
    <ClInclude Include="mcSourceAccelerator.h">
      <Filter>Source</Filter>
    </ClInclude>
    <ClInclude Include="mcSourceCylindricalC60.h">
      <Filter>Source</Filter>
    </ClInclude>
    <ClInclude Include="mcSourceDistributed.h">
      <Filter>Source</Filter>
    </ClInclude>
    <ClInclude Include="mcSourceLEBA.h">
      <Filter>Source</Filter>
    </ClInclude>
    <ClInclude Include="mcSourceModelRadialDirect.h">
      <Filter>Source</Filter>
    </ClInclude>
    <ClInclude Include="mcSourceModelRadialPhsp.h">
      <Filter>Source</Filter>
    </ClInclude>
    <ClInclude Include="mcSourceSimpleMono.h">
      <Filter>Source</Filter>
    </ClInclude>
    <ClInclude Include="mcSourceSimpleParallel.h">
      <Filter>Source</Filter>
    </ClInclude>
    <ClInclude Include="mcSourceSphereC60.h">
      <Filter>Source</Filter>
    </ClInclude>
    <ClInclude Include="mcSourceUniformCone.h">
      <Filter>Source</Filter>
    </ClInclude>
    <ClInclude Include="mcSourceXrayBeam.h">
      <Filter>Source</Filter>
    </ClInclude>
    <ClInclude Include="mcSourceXraySigmaR.h">
      <Filter>Source</Filter>
    </ClInclude>
    <ClInclude Include="mcClinicalElectronBeam.h">
      <Filter>Source</Filter>
    </ClInclude>
    <ClInclude Include="mcETransportConvexPolygonCircle.h">
      <Filter>Transport</Filter>
    </ClInclude>
    <ClInclude Include="mcETransportSphere.h">
      <Filter>Transport</Filter>
    </ClInclude>
    <ClInclude Include="mcETransportTrap.h">
      <Filter>Transport</Filter>
    </ClInclude>
    <ClInclude Include="mcTransport.h">
      <Filter>Transport</Filter>
    </ClInclude>
    <ClInclude Include="mcTransportAxialSymmetricSplitter.h">
      <Filter>Transport</Filter>
    </ClInclude>
    <ClInclude Include="mcTransportCone.h">
      <Filter>Transport</Filter>
    </ClInclude>
    <ClInclude Include="mcTransportConicalHole.h">
      <Filter>Transport</Filter>
    </ClInclude>
    <ClInclude Include="mcTransportConicalRing.h">
      <Filter>Transport</Filter>
    </ClInclude>
    <ClInclude Include="mcTransportCylinder.h">
      <Filter>Transport</Filter>
    </ClInclude>
    <ClInclude Include="mcTransportCylinderStack.h">
      <Filter>Transport</Filter>
    </ClInclude>
    <ClInclude Include="mcTransportEmbeddedGroup.h">
      <Filter>Transport</Filter>
    </ClInclude>
    <ClInclude Include="mcTransportJawPairFocused.h">
      <Filter>Transport</Filter>
    </ClInclude>
    <ClInclude Include="mcTransportJawPairRounded.h">
      <Filter>Transport</Filter>
    </ClInclude>
    <ClInclude Include="mcTransportLinearChain.h">
      <Filter>Transport</Filter>
    </ClInclude>
    <ClInclude Include="mcTransportMLC.h">
      <Filter>Transport</Filter>
    </ClInclude>
    <ClInclude Include="mcTransportPlaneFilter.h">
      <Filter>Transport</Filter>
    </ClInclude>
    <ClInclude Include="mcTransportPolygon.h">
      <Filter>Transport</Filter>
    </ClInclude>
    <ClInclude Include="mcTransportPrimaryCollimator.h">
      <Filter>Transport</Filter>
    </ClInclude>
    <ClInclude Include="mcTransportPrism.h">
      <Filter>Transport</Filter>
    </ClInclude>
    <ClInclude Include="mcTransportRectanglePolygonSideHole.h">
      <Filter>Transport</Filter>
    </ClInclude>
    <ClInclude Include="mcTransportRectangleRing.h">
      <Filter>Transport</Filter>
    </ClInclude>
    <ClInclude Include="mcTransportRectangleTrap.h">
      <Filter>Transport</Filter>
    </ClInclude>
    <ClInclude Include="mcTransportRing.h">
      <Filter>Transport</Filter>
    </ClInclude>
    <ClInclude Include="mcTransportSimpleSplitter.h">
      <Filter>Transport</Filter>
    </ClInclude>
    <ClInclude Include="mcTransportSlab.h">
      <Filter>Transport</Filter>
    </ClInclude>
    <ClInclude Include="mcTransportSphereTrap.h">
      <Filter>Transport</Filter>
    </ClInclude>
    <ClInclude Include="mcTransportTrap.h">
      <Filter>Transport</Filter>
    </ClInclude>
    <ClInclude Include="mcTransportWedge.h">
      <Filter>Transport</Filter>
    </ClInclude>
    <ClInclude Include="mcBrachySource.h">
      <Filter>Source</Filter>
    </ClInclude>
  </ItemGroup>
  <ItemGroup>
    <Filter Include="Media">
      <UniqueIdentifier>{dc7d9efc-1206-4a96-a9be-bdca9aae5c6e}</UniqueIdentifier>
    </Filter>
    <Filter Include="Geometry">
      <UniqueIdentifier>{ff4a8d89-a90b-449e-b0ce-2728629e8da7}</UniqueIdentifier>
    </Filter>
    <Filter Include="Math">
      <UniqueIdentifier>{17d2c37e-b6f4-4871-9973-d9851cc3d7f4}</UniqueIdentifier>
    </Filter>
    <Filter Include="PhantomTransport">
      <UniqueIdentifier>{03607374-59c7-4725-b193-6f5d73951c4d}</UniqueIdentifier>
    </Filter>
    <Filter Include="Physics">
      <UniqueIdentifier>{e4cb3231-5992-40b2-916b-08cbb7785f18}</UniqueIdentifier>
    </Filter>
    <Filter Include="Score">
      <UniqueIdentifier>{e4a0d2fe-34ae-46fd-a964-60a4a07ba760}</UniqueIdentifier>
    </Filter>
    <Filter Include="Source">
      <UniqueIdentifier>{a1b61e22-91c8-4174-add4-a3cad51118e3}</UniqueIdentifier>
    </Filter>
    <Filter Include="Transport">
      <UniqueIdentifier>{a13d7c41-bcc6-402a-808f-7fdf24c0bc18}</UniqueIdentifier>
    </Filter>
  </ItemGroup>
</Project>